
Microsoft Visual Studio Solution File, Format Version 12.00
Project("{FAE04EC0-301F-11D3-BF4B-00C04F79EFBC}") = "Common", "Common\Common.csproj", "{84F742B0-70B3-4C51-BEA7-2850288FA04D}"
EndProject
Project("{FAE04EC0-301F-11D3-BF4B-00C04F79EFBC}") = "Tests", "Tests\Tests.csproj", "{5890C9D1-1A4C-4830-A720-24BDB23E14DE}"
EndProject
Project("{FAE04EC0-301F-11D3-BF4B-00C04F79EFBC}") = "Sandbox", "Sandbox\Sandbox.csproj", "{890FEF0A-9965-4582-B3CB-82917255B877}"
EndProject
Project("{FAE04EC0-301F-11D3-BF4B-00C04F79EFBC}") = "DI", "DI\DI.csproj", "{B59A8F0D-37E1-4E18-805B-3DF5E0F7396E}"
EndProject
Project("{FAE04EC0-301F-11D3-BF4B-00C04F79EFBC}") = "ConsoleApp1", "ConsoleApp1\ConsoleApp1.csproj", "{AD352EF6-35B2-44B3-9926-ADB0D0E37214}"
EndProject
Global
	GlobalSection(SolutionConfigurationPlatforms) = preSolution
		Debug|Any CPU = Debug|Any CPU
		Release|Any CPU = Release|Any CPU
	EndGlobalSection
	GlobalSection(ProjectConfigurationPlatforms) = postSolution
		{84F742B0-70B3-4C51-BEA7-2850288FA04D}.Debug|Any CPU.ActiveCfg = Debug|Any CPU
		{84F742B0-70B3-4C51-BEA7-2850288FA04D}.Debug|Any CPU.Build.0 = Debug|Any CPU
		{84F742B0-70B3-4C51-BEA7-2850288FA04D}.Release|Any CPU.ActiveCfg = Release|Any CPU
		{84F742B0-70B3-4C51-BEA7-2850288FA04D}.Release|Any CPU.Build.0 = Release|Any CPU
		{5890C9D1-1A4C-4830-A720-24BDB23E14DE}.Debug|Any CPU.ActiveCfg = Debug|Any CPU
		{5890C9D1-1A4C-4830-A720-24BDB23E14DE}.Debug|Any CPU.Build.0 = Debug|Any CPU
		{5890C9D1-1A4C-4830-A720-24BDB23E14DE}.Release|Any CPU.ActiveCfg = Release|Any CPU
		{5890C9D1-1A4C-4830-A720-24BDB23E14DE}.Release|Any CPU.Build.0 = Release|Any CPU
		{890FEF0A-9965-4582-B3CB-82917255B877}.Debug|Any CPU.ActiveCfg = Debug|Any CPU
		{890FEF0A-9965-4582-B3CB-82917255B877}.Debug|Any CPU.Build.0 = Debug|Any CPU
		{890FEF0A-9965-4582-B3CB-82917255B877}.Release|Any CPU.ActiveCfg = Release|Any CPU
		{890FEF0A-9965-4582-B3CB-82917255B877}.Release|Any CPU.Build.0 = Release|Any CPU
		{B59A8F0D-37E1-4E18-805B-3DF5E0F7396E}.Debug|Any CPU.ActiveCfg = Debug|Any CPU
		{B59A8F0D-37E1-4E18-805B-3DF5E0F7396E}.Debug|Any CPU.Build.0 = Debug|Any CPU
		{B59A8F0D-37E1-4E18-805B-3DF5E0F7396E}.Release|Any CPU.ActiveCfg = Release|Any CPU
		{B59A8F0D-37E1-4E18-805B-3DF5E0F7396E}.Release|Any CPU.Build.0 = Release|Any CPU
		{AD352EF6-35B2-44B3-9926-ADB0D0E37214}.Debug|Any CPU.ActiveCfg = Debug|Any CPU
		{AD352EF6-35B2-44B3-9926-ADB0D0E37214}.Debug|Any CPU.Build.0 = Debug|Any CPU
		{AD352EF6-35B2-44B3-9926-ADB0D0E37214}.Release|Any CPU.ActiveCfg = Release|Any CPU
		{AD352EF6-35B2-44B3-9926-ADB0D0E37214}.Release|Any CPU.Build.0 = Release|Any CPU
	EndGlobalSection
EndGlobal
